// !$*UTF8*$!
{
	archiveVersion = 1;
	classes = {
	};
	objectVersion = 56;
	objects = {

/* Begin PBXBuildFile section */
		C7761E892BEF3D4000B2295C /* WeatherData.swift in Sources */ = {isa = PBXBuildFile; fileRef = C7761E882BEF3D4000B2295C /* WeatherData.swift */; };
		C7761E8B2BEF3D6D00B2295C /* WeatherManager.swift in Sources */ = {isa = PBXBuildFile; fileRef = C7761E8A2BEF3D6D00B2295C /* WeatherManager.swift */; };
		C7761E8D2BF16D6D00B2295C /* CalendarView.swift in Sources */ = {isa = PBXBuildFile; fileRef = C7761E8C2BF16D6D00B2295C /* CalendarView.swift */; };
		C7761E8F2BF16D7C00B2295C /* date+extension.swift in Sources */ = {isa = PBXBuildFile; fileRef = C7761E8E2BF16D7C00B2295C /* date+extension.swift */; };
		C7C84FCB2C16E66100405FF4 /* LocationManager.swift in Sources */ = {isa = PBXBuildFile; fileRef = C7C84FCA2C16E66100405FF4 /* LocationManager.swift */; };
		C7C868962BEAFA6D00E7D1C4 /* calendarApp.swift in Sources */ = {isa = PBXBuildFile; fileRef = C7C868952BEAFA6D00E7D1C4 /* calendarApp.swift */; };
		C7C868982BEAFA6D00E7D1C4 /* ContentView.swift in Sources */ = {isa = PBXBuildFile; fileRef = C7C868972BEAFA6D00E7D1C4 /* ContentView.swift */; };
		C7C8689A2BEAFA6F00E7D1C4 /* Assets.xcassets in Resources */ = {isa = PBXBuildFile; fileRef = C7C868992BEAFA6F00E7D1C4 /* Assets.xcassets */; };
		C7C8689D2BEAFA6F00E7D1C4 /* Preview Assets.xcassets in Resources */ = {isa = PBXBuildFile; fileRef = C7C8689C2BEAFA6F00E7D1C4 /* Preview Assets.xcassets */; };
		C7C868A62BEB03E900E7D1C4 /* ContentViewModel.swift in Sources */ = {isa = PBXBuildFile; fileRef = C7C868A52BEB03E900E7D1C4 /* ContentViewModel.swift */; };
		C7C868AA2BEB7C0C00E7D1C4 /* Activity.swift in Sources */ = {isa = PBXBuildFile; fileRef = C7C868A92BEB7C0C00E7D1C4 /* Activity.swift */; };
		CFFB6F132BF192C600FA0F01 /* AddTaskView.swift in Sources */ = {isa = PBXBuildFile; fileRef = CFFB6F122BF192C600FA0F01 /* AddTaskView.swift */; };
/* End PBXBuildFile section */

/* Begin PBXFileReference section */
		C7761E882BEF3D4000B2295C /* WeatherData.swift */ = {isa = PBXFileReference; lastKnownFileType = sourcecode.swift; path = WeatherData.swift; sourceTree = "<group>"; };
		C7761E8A2BEF3D6D00B2295C /* WeatherManager.swift */ = {isa = PBXFileReference; lastKnownFileType = sourcecode.swift; path = WeatherManager.swift; sourceTree = "<group>"; };
		C7761E8C2BF16D6D00B2295C /* CalendarView.swift */ = {isa = PBXFileReference; fileEncoding = 4; lastKnownFileType = sourcecode.swift; path = CalendarView.swift; sourceTree = "<group>"; };
		C7761E8E2BF16D7C00B2295C /* date+extension.swift */ = {isa = PBXFileReference; fileEncoding = 4; lastKnownFileType = sourcecode.swift; path = "date+extension.swift"; sourceTree = "<group>"; };
		C7C84FCA2C16E66100405FF4 /* LocationManager.swift */ = {isa = PBXFileReference; lastKnownFileType = sourcecode.swift; path = LocationManager.swift; sourceTree = "<group>"; };
		C7C868922BEAFA6D00E7D1C4 /* calendar.app */ = {isa = PBXFileReference; explicitFileType = wrapper.application; includeInIndex = 0; path = calendar.app; sourceTree = BUILT_PRODUCTS_DIR; };
		C7C868952BEAFA6D00E7D1C4 /* calendarApp.swift */ = {isa = PBXFileReference; lastKnownFileType = sourcecode.swift; path = calendarApp.swift; sourceTree = "<group>"; };
		C7C868972BEAFA6D00E7D1C4 /* ContentView.swift */ = {isa = PBXFileReference; lastKnownFileType = sourcecode.swift; path = ContentView.swift; sourceTree = "<group>"; };
		C7C868992BEAFA6F00E7D1C4 /* Assets.xcassets */ = {isa = PBXFileReference; lastKnownFileType = folder.assetcatalog; path = Assets.xcassets; sourceTree = "<group>"; };
		C7C8689C2BEAFA6F00E7D1C4 /* Preview Assets.xcassets */ = {isa = PBXFileReference; lastKnownFileType = folder.assetcatalog; path = "Preview Assets.xcassets"; sourceTree = "<group>"; };
		C7C868A52BEB03E900E7D1C4 /* ContentViewModel.swift */ = {isa = PBXFileReference; lastKnownFileType = sourcecode.swift; path = ContentViewModel.swift; sourceTree = "<group>"; };
		C7C868A92BEB7C0C00E7D1C4 /* Activity.swift */ = {isa = PBXFileReference; lastKnownFileType = sourcecode.swift; path = Activity.swift; sourceTree = "<group>"; };
		CFFB6F122BF192C600FA0F01 /* AddTaskView.swift */ = {isa = PBXFileReference; lastKnownFileType = sourcecode.swift; path = AddTaskView.swift; sourceTree = "<group>"; };
/* End PBXFileReference section */

/* Begin PBXFrameworksBuildPhase section */
		C7C8688F2BEAFA6D00E7D1C4 /* Frameworks */ = {
			isa = PBXFrameworksBuildPhase;
			buildActionMask = 2147483647;
			files = (
			);
			runOnlyForDeploymentPostprocessing = 0;
		};
/* End PBXFrameworksBuildPhase section */

/* Begin PBXGroup section */
		C7C868892BEAFA6D00E7D1C4 = {
			isa = PBXGroup;
			children = (
				C7C868942BEAFA6D00E7D1C4 /* calendar */,
				C7C868932BEAFA6D00E7D1C4 /* Products */,
			);
			sourceTree = "<group>";
		};
		C7C868932BEAFA6D00E7D1C4 /* Products */ = {
			isa = PBXGroup;
			children = (
				C7C868922BEAFA6D00E7D1C4 /* calendar.app */,
			);
			name = Products;
			sourceTree = "<group>";
		};
		C7C868942BEAFA6D00E7D1C4 /* calendar */ = {
			isa = PBXGroup;
			children = (
				C7C868A82BEB7BBB00E7D1C4 /* Module */,
				C7C868A72BEB7BAF00E7D1C4 /* View */,
				C7C868952BEAFA6D00E7D1C4 /* calendarApp.swift */,
				C7C868992BEAFA6F00E7D1C4 /* Assets.xcassets */,
				C7C8689B2BEAFA6F00E7D1C4 /* Preview Content */,
			);
			path = calendar;
			sourceTree = "<group>";
		};
		C7C8689B2BEAFA6F00E7D1C4 /* Preview Content */ = {
			isa = PBXGroup;
			children = (
				C7C8689C2BEAFA6F00E7D1C4 /* Preview Assets.xcassets */,
			);
			path = "Preview Content";
			sourceTree = "<group>";
		};
		C7C868A72BEB7BAF00E7D1C4 /* View */ = {
			isa = PBXGroup;
			children = (
				C7761E8C2BF16D6D00B2295C /* CalendarView.swift */,
				C7C868972BEAFA6D00E7D1C4 /* ContentView.swift */,
				CFFB6F122BF192C600FA0F01 /* AddTaskView.swift */,
			);
			path = View;
			sourceTree = "<group>";
		};
		C7C868A82BEB7BBB00E7D1C4 /* Module */ = {
			isa = PBXGroup;
			children = (
				C7C868A52BEB03E900E7D1C4 /* ContentViewModel.swift */,
				C7761E882BEF3D4000B2295C /* WeatherData.swift */,
				C7761E8A2BEF3D6D00B2295C /* WeatherManager.swift */,
				C7C84FCA2C16E66100405FF4 /* LocationManager.swift */,
				C7C868A92BEB7C0C00E7D1C4 /* Activity.swift */,
				C7761E8E2BF16D7C00B2295C /* date+extension.swift */,
			);
			path = Module;
			sourceTree = "<group>";
		};
/* End PBXGroup section */

/* Begin PBXNativeTarget section */
		C7C868912BEAFA6D00E7D1C4 /* calendar */ = {
			isa = PBXNativeTarget;
			buildConfigurationList = C7C868A02BEAFA6F00E7D1C4 /* Build configuration list for PBXNativeTarget "calendar" */;
			buildPhases = (
				C7C8688E2BEAFA6D00E7D1C4 /* Sources */,
				C7C8688F2BEAFA6D00E7D1C4 /* Frameworks */,
				C7C868902BEAFA6D00E7D1C4 /* Resources */,
			);
			buildRules = (
			);
			dependencies = (
			);
			name = calendar;
			productName = calendar;
			productReference = C7C868922BEAFA6D00E7D1C4 /* calendar.app */;
			productType = "com.apple.product-type.application";
		};
/* End PBXNativeTarget section */

/* Begin PBXProject section */
		C7C8688A2BEAFA6D00E7D1C4 /* Project object */ = {
			isa = PBXProject;
			attributes = {
				BuildIndependentTargetsInParallel = 1;
				LastSwiftUpdateCheck = 1520;
				LastUpgradeCheck = 1520;
				TargetAttributes = {
					C7C868912BEAFA6D00E7D1C4 = {
						CreatedOnToolsVersion = 15.2;
					};
				};
			};
			buildConfigurationList = C7C8688D2BEAFA6D00E7D1C4 /* Build configuration list for PBXProject "calendar" */;
			compatibilityVersion = "Xcode 14.0";
			developmentRegion = en;
			hasScannedForEncodings = 0;
			knownRegions = (
				en,
				Base,
			);
			mainGroup = C7C868892BEAFA6D00E7D1C4;
			productRefGroup = C7C868932BEAFA6D00E7D1C4 /* Products */;
			projectDirPath = "";
			projectRoot = "";
			targets = (
				C7C868912BEAFA6D00E7D1C4 /* calendar */,
			);
		};
/* End PBXProject section */

/* Begin PBXResourcesBuildPhase section */
		C7C868902BEAFA6D00E7D1C4 /* Resources */ = {
			isa = PBXResourcesBuildPhase;
			buildActionMask = 2147483647;
			files = (
				C7C8689D2BEAFA6F00E7D1C4 /* Preview Assets.xcassets in Resources */,
				C7C8689A2BEAFA6F00E7D1C4 /* Assets.xcassets in Resources */,
			);
			runOnlyForDeploymentPostprocessing = 0;
		};
/* End PBXResourcesBuildPhase section */

/* Begin PBXSourcesBuildPhase section */
		C7C8688E2BEAFA6D00E7D1C4 /* Sources */ = {
			isa = PBXSourcesBuildPhase;
			buildActionMask = 2147483647;
			files = (
				C7761E8B2BEF3D6D00B2295C /* WeatherManager.swift in Sources */,
				C7C868982BEAFA6D00E7D1C4 /* ContentView.swift in Sources */,
				C7C84FCB2C16E66100405FF4 /* LocationManager.swift in Sources */,
				C7761E892BEF3D4000B2295C /* WeatherData.swift in Sources */,
				CFFB6F132BF192C600FA0F01 /* AddTaskView.swift in Sources */,
				C7C868962BEAFA6D00E7D1C4 /* calendarApp.swift in Sources */,
				C7C868AA2BEB7C0C00E7D1C4 /* Activity.swift in Sources */,
				C7761E8F2BF16D7C00B2295C /* date+extension.swift in Sources */,
				C7761E8D2BF16D6D00B2295C /* CalendarView.swift in Sources */,
				C7C868A62BEB03E900E7D1C4 /* ContentViewModel.swift in Sources */,
			);
			runOnlyForDeploymentPostprocessing = 0;
		};
/* End PBXSourcesBuildPhase section */

/* Begin XCBuildConfiguration section */
		C7C8689E2BEAFA6F00E7D1C4 /* Debug */ = {
			isa = XCBuildConfiguration;
			buildSettings = {
				ALWAYS_SEARCH_USER_PATHS = NO;
				ASSETCATALOG_COMPILER_GENERATE_SWIFT_ASSET_SYMBOL_EXTENSIONS = YES;
				CLANG_ANALYZER_NONNULL = YES;
				CLANG_ANALYZER_NUMBER_OBJECT_CONVERSION = YES_AGGRESSIVE;
				CLANG_CXX_LANGUAGE_STANDARD = "gnu++20";
				CLANG_ENABLE_MODULES = YES;
				CLANG_ENABLE_OBJC_ARC = YES;
				CLANG_ENABLE_OBJC_WEAK = YES;
				CLANG_WARN_BLOCK_CAPTURE_AUTORELEASING = YES;
				CLANG_WARN_BOOL_CONVERSION = YES;
				CLANG_WARN_COMMA = YES;
				CLANG_WARN_CONSTANT_CONVERSION = YES;
				CLANG_WARN_DEPRECATED_OBJC_IMPLEMENTATIONS = YES;
				CLANG_WARN_DIRECT_OBJC_ISA_USAGE = YES_ERROR;
				CLANG_WARN_DOCUMENTATION_COMMENTS = YES;
				CLANG_WARN_EMPTY_BODY = YES;
				CLANG_WARN_ENUM_CONVERSION = YES;
				CLANG_WARN_INFINITE_RECURSION = YES;
				CLANG_WARN_INT_CONVERSION = YES;
				CLANG_WARN_NON_LITERAL_NULL_CONVERSION = YES;
				CLANG_WARN_OBJC_IMPLICIT_RETAIN_SELF = YES;
				CLANG_WARN_OBJC_LITERAL_CONVERSION = YES;
				CLANG_WARN_OBJC_ROOT_CLASS = YES_ERROR;
				CLANG_WARN_QUOTED_INCLUDE_IN_FRAMEWORK_HEADER = YES;
				CLANG_WARN_RANGE_LOOP_ANALYSIS = YES;
				CLANG_WARN_STRICT_PROTOTYPES = YES;
				CLANG_WARN_SUSPICIOUS_MOVE = YES;
				CLANG_WARN_UNGUARDED_AVAILABILITY = YES_AGGRESSIVE;
				CLANG_WARN_UNREACHABLE_CODE = YES;
				CLANG_WARN__DUPLICATE_METHOD_MATCH = YES;
				COPY_PHASE_STRIP = NO;
				DEBUG_INFORMATION_FORMAT = dwarf;
				ENABLE_STRICT_OBJC_MSGSEND = YES;
				ENABLE_TESTABILITY = YES;
				ENABLE_USER_SCRIPT_SANDBOXING = YES;
				GCC_C_LANGUAGE_STANDARD = gnu17;
				GCC_DYNAMIC_NO_PIC = NO;
				GCC_NO_COMMON_BLOCKS = YES;
				GCC_OPTIMIZATION_LEVEL = 0;
				GCC_PREPROCESSOR_DEFINITIONS = (
					"DEBUG=1",
					"$(inherited)",
				);
				GCC_WARN_64_TO_32_BIT_CONVERSION = YES;
				GCC_WARN_ABOUT_RETURN_TYPE = YES_ERROR;
				GCC_WARN_UNDECLARED_SELECTOR = YES;
				GCC_WARN_UNINITIALIZED_AUTOS = YES_AGGRESSIVE;
				GCC_WARN_UNUSED_FUNCTION = YES;
				GCC_WARN_UNUSED_VARIABLE = YES;
				IPHONEOS_DEPLOYMENT_TARGET = 17.2;
				LOCALIZATION_PREFERS_STRING_CATALOGS = YES;
				MTL_ENABLE_DEBUG_INFO = INCLUDE_SOURCE;
				MTL_FAST_MATH = YES;
				ONLY_ACTIVE_ARCH = YES;
				SDKROOT = iphoneos;
				SWIFT_ACTIVE_COMPILATION_CONDITIONS = "DEBUG $(inherited)";
				SWIFT_OPTIMIZATION_LEVEL = "-Onone";
			};
			name = Debug;
		};
		C7C8689F2BEAFA6F00E7D1C4 /* Release */ = {
			isa = XCBuildConfiguration;
			buildSettings = {
				ALWAYS_SEARCH_USER_PATHS = NO;
				ASSETCATALOG_COMPILER_GENERATE_SWIFT_ASSET_SYMBOL_EXTENSIONS = YES;
				CLANG_ANALYZER_NONNULL = YES;
				CLANG_ANALYZER_NUMBER_OBJECT_CONVERSION = YES_AGGRESSIVE;
				CLANG_CXX_LANGUAGE_STANDARD = "gnu++20";
				CLANG_ENABLE_MODULES = YES;
				CLANG_ENABLE_OBJC_ARC = YES;
				CLANG_ENABLE_OBJC_WEAK = YES;
				CLANG_WARN_BLOCK_CAPTURE_AUTORELEASING = YES;
				CLANG_WARN_BOOL_CONVERSION = YES;
				CLANG_WARN_COMMA = YES;
				CLANG_WARN_CONSTANT_CONVERSION = YES;
				CLANG_WARN_DEPRECATED_OBJC_IMPLEMENTATIONS = YES;
				CLANG_WARN_DIRECT_OBJC_ISA_USAGE = YES_ERROR;
				CLANG_WARN_DOCUMENTATION_COMMENTS = YES;
				CLANG_WARN_EMPTY_BODY = YES;
				CLANG_WARN_ENUM_CONVERSION = YES;
				CLANG_WARN_INFINITE_RECURSION = YES;
				CLANG_WARN_INT_CONVERSION = YES;
				CLANG_WARN_NON_LITERAL_NULL_CONVERSION = YES;
				CLANG_WARN_OBJC_IMPLICIT_RETAIN_SELF = YES;
				CLANG_WARN_OBJC_LITERAL_CONVERSION = YES;
				CLANG_WARN_OBJC_ROOT_CLASS = YES_ERROR;
				CLANG_WARN_QUOTED_INCLUDE_IN_FRAMEWORK_HEADER = YES;
				CLANG_WARN_RANGE_LOOP_ANALYSIS = YES;
				CLANG_WARN_STRICT_PROTOTYPES = YES;
				CLANG_WARN_SUSPICIOUS_MOVE = YES;
				CLANG_WARN_UNGUARDED_AVAILABILITY = YES_AGGRESSIVE;
				CLANG_WARN_UNREACHABLE_CODE = YES;
				CLANG_WARN__DUPLICATE_METHOD_MATCH = YES;
				COPY_PHASE_STRIP = NO;
				DEBUG_INFORMATION_FORMAT = "dwarf-with-dsym";
				ENABLE_NS_ASSERTIONS = NO;
				ENABLE_STRICT_OBJC_MSGSEND = YES;
				ENABLE_USER_SCRIPT_SANDBOXING = YES;
				GCC_C_LANGUAGE_STANDARD = gnu17;
				GCC_NO_COMMON_BLOCKS = YES;
				GCC_WARN_64_TO_32_BIT_CONVERSION = YES;
				GCC_WARN_ABOUT_RETURN_TYPE = YES_ERROR;
				GCC_WARN_UNDECLARED_SELECTOR = YES;
				GCC_WARN_UNINITIALIZED_AUTOS = YES_AGGRESSIVE;
				GCC_WARN_UNUSED_FUNCTION = YES;
				GCC_WARN_UNUSED_VARIABLE = YES;
				IPHONEOS_DEPLOYMENT_TARGET = 17.2;
				LOCALIZATION_PREFERS_STRING_CATALOGS = YES;
				MTL_ENABLE_DEBUG_INFO = NO;
				MTL_FAST_MATH = YES;
				SDKROOT = iphoneos;
				SWIFT_COMPILATION_MODE = wholemodule;
				VALIDATE_PRODUCT = YES;
			};
			name = Release;
		};
		C7C868A12BEAFA6F00E7D1C4 /* Debug */ = {
			isa = XCBuildConfiguration;
			buildSettings = {
				ASSETCATALOG_COMPILER_APPICON_NAME = AppIcon;
				ASSETCATALOG_COMPILER_GLOBAL_ACCENT_COLOR_NAME = AccentColor;
				CODE_SIGN_STYLE = Automatic;
				CURRENT_PROJECT_VERSION = 1;
				DEVELOPMENT_ASSET_PATHS = "\"calendar/Preview Content\"";
				DEVELOPMENT_TEAM = 4RG9MX354N;
				ENABLE_PREVIEWS = YES;
				GENERATE_INFOPLIST_FILE = YES;
				INFOPLIST_KEY_CFBundleDisplayName = "";
				INFOPLIST_KEY_NSLocationAlwaysUsageDescription = "We need your location to provide weather information.";
				INFOPLIST_KEY_NSLocationWhenInUseUsageDescription = "We need your location to provide weather information.";
				INFOPLIST_KEY_UIApplicationSceneManifest_Generation = YES;
				INFOPLIST_KEY_UIApplicationSupportsIndirectInputEvents = YES;
				INFOPLIST_KEY_UILaunchScreen_Generation = YES;
				INFOPLIST_KEY_UISupportedInterfaceOrientations_iPad = "UIInterfaceOrientationPortrait UIInterfaceOrientationPortraitUpsideDown UIInterfaceOrientationLandscapeLeft UIInterfaceOrientationLandscapeRight";
				INFOPLIST_KEY_UISupportedInterfaceOrientations_iPhone = "UIInterfaceOrientationPortrait UIInterfaceOrientationLandscapeLeft UIInterfaceOrientationLandscapeRight";
				LD_RUNPATH_SEARCH_PATHS = (
					"$(inherited)",
					"@executable_path/Frameworks",
				);
				MARKETING_VERSION = 1.0;
				PRODUCT_BUNDLE_IDENTIFIER = au.edu.uts.calendar;
				PRODUCT_NAME = "$(TARGET_NAME)";
				SWIFT_EMIT_LOC_STRINGS = YES;
				SWIFT_VERSION = 5.0;
				TARGETED_DEVICE_FAMILY = "1,2";
			};
			name = Debug;
		};
		C7C868A22BEAFA6F00E7D1C4 /* Release */ = {
			isa = XCBuildConfiguration;
			buildSettings = {
				ASSETCATALOG_COMPILER_APPICON_NAME = AppIcon;
				ASSETCATALOG_COMPILER_GLOBAL_ACCENT_COLOR_NAME = AccentColor;
				CODE_SIGN_STYLE = Automatic;
				CURRENT_PROJECT_VERSION = 1;
				DEVELOPMENT_ASSET_PATHS = "\"calendar/Preview Content\"";
				DEVELOPMENT_TEAM = 4RG9MX354N;
				ENABLE_PREVIEWS = YES;
				GENERATE_INFOPLIST_FILE = YES;
				INFOPLIST_KEY_CFBundleDisplayName = "";
				INFOPLIST_KEY_NSLocationAlwaysUsageDescription = "We need your location to provide weather information.";
				INFOPLIST_KEY_NSLocationWhenInUseUsageDescription = "We need your location to provide weather information.";
				INFOPLIST_KEY_UIApplicationSceneManifest_Generation = YES;
				INFOPLIST_KEY_UIApplicationSupportsIndirectInputEvents = YES;
				INFOPLIST_KEY_UILaunchScreen_Generation = YES;
				INFOPLIST_KEY_UISupportedInterfaceOrientations_iPad = "UIInterfaceOrientationPortrait UIInterfaceOrientationPortraitUpsideDown UIInterfaceOrientationLandscapeLeft UIInterfaceOrientationLandscapeRight";
				INFOPLIST_KEY_UISupportedInterfaceOrientations_iPhone = "UIInterfaceOrientationPortrait UIInterfaceOrientationLandscapeLeft UIInterfaceOrientationLandscapeRight";
				LD_RUNPATH_SEARCH_PATHS = (
					"$(inherited)",
					"@executable_path/Frameworks",
				);
				MARKETING_VERSION = 1.0;
				PRODUCT_BUNDLE_IDENTIFIER = au.edu.uts.calendar;
				PRODUCT_NAME = "$(TARGET_NAME)";
				SWIFT_EMIT_LOC_STRINGS = YES;
				SWIFT_VERSION = 5.0;
				TARGETED_DEVICE_FAMILY = "1,2";
			};
			name = Release;
		};
/* End XCBuildConfiguration section */

/* Begin XCConfigurationList section */
		C7C8688D2BEAFA6D00E7D1C4 /* Build configuration list for PBXProject "calendar" */ = {
			isa = XCConfigurationList;
			buildConfigurations = (
				C7C8689E2BEAFA6F00E7D1C4 /* Debug */,
				C7C8689F2BEAFA6F00E7D1C4 /* Release */,
			);
			defaultConfigurationIsVisible = 0;
			defaultConfigurationName = Release;
		};
		C7C868A02BEAFA6F00E7D1C4 /* Build configuration list for PBXNativeTarget "calendar" */ = {
			isa = XCConfigurationList;
			buildConfigurations = (
				C7C868A12BEAFA6F00E7D1C4 /* Debug */,
				C7C868A22BEAFA6F00E7D1C4 /* Release */,
			);
			defaultConfigurationIsVisible = 0;
			defaultConfigurationName = Release;
		};
/* End XCConfigurationList section */
	};
	rootObject = C7C8688A2BEAFA6D00E7D1C4 /* Project object */;
}
